
Microsoft Visual Studio Solution File, Format Version 12.00
# Visual Studio Version 17
VisualStudioVersion = 17.4.33110.190
MinimumVisualStudioVersion = 10.0.40219.1
Project("{FAE04EC0-301F-11D3-BF4B-00C04F79EFBC}") = "Percobaan_Agit2", "Percobaan_Agit2\Percobaan_Agit2.csproj", "{CF4B7F9C-ED71-4199-8E8B-18C17351C3F9}"
EndProject
Global
	GlobalSection(SolutionConfigurationPlatforms) = preSolution
		Debug|Any CPU = Debug|Any CPU
		Release|Any CPU = Release|Any CPU
	EndGlobalSection
	GlobalSection(ProjectConfigurationPlatforms) = postSolution
		{CF4B7F9C-ED71-4199-8E8B-18C17351C3F9}.Debug|Any CPU.ActiveCfg = Debug|Any CPU
		{CF4B7F9C-ED71-4199-8E8B-18C17351C3F9}.Debug|Any CPU.Build.0 = Debug|Any CPU
		{CF4B7F9C-ED71-4199-8E8B-18C17351C3F9}.Release|Any CPU.ActiveCfg = Release|Any CPU
		{CF4B7F9C-ED71-4199-8E8B-18C17351C3F9}.Release|Any CPU.Build.0 = Release|Any CPU
	EndGlobalSection
	GlobalSection(SolutionProperties) = preSolution
		HideSolutionNode = FALSE
	EndGlobalSection
	GlobalSection(ExtensibilityGlobals) = postSolution
		SolutionGuid = {790B53AE-F16C-48A5-8EBE-BED8940DB0FC}
	EndGlobalSection
EndGlobal
